// !$*UTF8*$!
{
	archiveVersion = 1;
	classes = {
	};
	objectVersion = 46;
	objects = {

/* Begin PBXBuildFile section */
		D3DE18411CADB223009BF9BF /* AppDelegate.swift in Sources */ = {isa = PBXBuildFile; fileRef = D3DE18401CADB223009BF9BF /* AppDelegate.swift */; };
		D3DE18431CADB223009BF9BF /* ViewController.swift in Sources */ = {isa = PBXBuildFile; fileRef = D3DE18421CADB223009BF9BF /* ViewController.swift */; };
		D3DE18461CADB223009BF9BF /* Main.storyboard in Resources */ = {isa = PBXBuildFile; fileRef = D3DE18441CADB223009BF9BF /* Main.storyboard */; };
		D3DE18491CADB223009BF9BF /* Game23.xcdatamodeld in Sources */ = {isa = PBXBuildFile; fileRef = D3DE18471CADB223009BF9BF /* Game23.xcdatamodeld */; };
		D3DE184B1CADB223009BF9BF /* Assets.xcassets in Resources */ = {isa = PBXBuildFile; fileRef = D3DE184A1CADB223009BF9BF /* Assets.xcassets */; };
		D3DE184E1CADB223009BF9BF /* LaunchScreen.storyboard in Resources */ = {isa = PBXBuildFile; fileRef = D3DE184C1CADB223009BF9BF /* LaunchScreen.storyboard */; };
		D3DE18591CADB223009BF9BF /* Game23Tests.swift in Sources */ = {isa = PBXBuildFile; fileRef = D3DE18581CADB223009BF9BF /* Game23Tests.swift */; };
		D3DE18641CADB223009BF9BF /* Game23UITests.swift in Sources */ = {isa = PBXBuildFile; fileRef = D3DE18631CADB223009BF9BF /* Game23UITests.swift */; };
/* End PBXBuildFile section */

/* Begin PBXContainerItemProxy section */
		D3DE18551CADB223009BF9BF /* PBXContainerItemProxy */ = {
			isa = PBXContainerItemProxy;
			containerPortal = D3DE18351CADB223009BF9BF /* Project object */;
			proxyType = 1;
			remoteGlobalIDString = D3DE183C1CADB223009BF9BF;
			remoteInfo = Game23;
		};
		D3DE18601CADB223009BF9BF /* PBXContainerItemProxy */ = {
			isa = PBXContainerItemProxy;
			containerPortal = D3DE18351CADB223009BF9BF /* Project object */;
			proxyType = 1;
			remoteGlobalIDString = D3DE183C1CADB223009BF9BF;
			remoteInfo = Game23;
		};
/* End PBXContainerItemProxy section */

/* Begin PBXFileReference section */
		D3DE183D1CADB223009BF9BF /* Game23.app */ = {isa = PBXFileReference; explicitFileType = wrapper.application; includeInIndex = 0; path = Game23.app; sourceTree = BUILT_PRODUCTS_DIR; };
		D3DE18401CADB223009BF9BF /* AppDelegate.swift */ = {isa = PBXFileReference; lastKnownFileType = sourcecode.swift; path = AppDelegate.swift; sourceTree = "<group>"; };
		D3DE18421CADB223009BF9BF /* ViewController.swift */ = {isa = PBXFileReference; lastKnownFileType = sourcecode.swift; path = ViewController.swift; sourceTree = "<group>"; };
		D3DE18451CADB223009BF9BF /* Base */ = {isa = PBXFileReference; lastKnownFileType = file.storyboard; name = Base; path = Base.lproj/Main.storyboard; sourceTree = "<group>"; };
		D3DE18481CADB223009BF9BF /* Game23.xcdatamodel */ = {isa = PBXFileReference; lastKnownFileType = wrapper.xcdatamodel; path = Game23.xcdatamodel; sourceTree = "<group>"; };
		D3DE184A1CADB223009BF9BF /* Assets.xcassets */ = {isa = PBXFileReference; lastKnownFileType = folder.assetcatalog; path = Assets.xcassets; sourceTree = "<group>"; };
		D3DE184D1CADB223009BF9BF /* Base */ = {isa = PBXFileReference; lastKnownFileType = file.storyboard; name = Base; path = Base.lproj/LaunchScreen.storyboard; sourceTree = "<group>"; };
		D3DE184F1CADB223009BF9BF /* Info.plist */ = {isa = PBXFileReference; lastKnownFileType = text.plist.xml; path = Info.plist; sourceTree = "<group>"; };
		D3DE18541CADB223009BF9BF /* Game23Tests.xctest */ = {isa = PBXFileReference; explicitFileType = wrapper.cfbundle; includeInIndex = 0; path = Game23Tests.xctest; sourceTree = BUILT_PRODUCTS_DIR; };
		D3DE18581CADB223009BF9BF /* Game23Tests.swift */ = {isa = PBXFileReference; lastKnownFileType = sourcecode.swift; path = Game23Tests.swift; sourceTree = "<group>"; };
		D3DE185A1CADB223009BF9BF /* Info.plist */ = {isa = PBXFileReference; lastKnownFileType = text.plist.xml; path = Info.plist; sourceTree = "<group>"; };
		D3DE185F1CADB223009BF9BF /* Game23UITests.xctest */ = {isa = PBXFileReference; explicitFileType = wrapper.cfbundle; includeInIndex = 0; path = Game23UITests.xctest; sourceTree = BUILT_PRODUCTS_DIR; };
		D3DE18631CADB223009BF9BF /* Game23UITests.swift */ = {isa = PBXFileReference; lastKnownFileType = sourcecode.swift; path = Game23UITests.swift; sourceTree = "<group>"; };
		D3DE18651CADB223009BF9BF /* Info.plist */ = {isa = PBXFileReference; lastKnownFileType = text.plist.xml; path = Info.plist; sourceTree = "<group>"; };
/* End PBXFileReference section */

/* Begin PBXFrameworksBuildPhase section */
		D3DE183A1CADB223009BF9BF /* Frameworks */ = {
			isa = PBXFrameworksBuildPhase;
			buildActionMask = 2147483647;
			files = (
			);
			runOnlyForDeploymentPostprocessing = 0;
		};
		D3DE18511CADB223009BF9BF /* Frameworks */ = {
			isa = PBXFrameworksBuildPhase;
			buildActionMask = 2147483647;
			files = (
			);
			runOnlyForDeploymentPostprocessing = 0;
		};
		D3DE185C1CADB223009BF9BF /* Frameworks */ = {
			isa = PBXFrameworksBuildPhase;
			buildActionMask = 2147483647;
			files = (
			);
			runOnlyForDeploymentPostprocessing = 0;
		};
/* End PBXFrameworksBuildPhase section */

/* Begin PBXGroup section */
		D3DE18341CADB223009BF9BF = {
			isa = PBXGroup;
			children = (
				D3DE183F1CADB223009BF9BF /* Game23 */,
				D3DE18571CADB223009BF9BF /* Game23Tests */,
				D3DE18621CADB223009BF9BF /* Game23UITests */,
				D3DE183E1CADB223009BF9BF /* Products */,
			);
			sourceTree = "<group>";
		};
		D3DE183E1CADB223009BF9BF /* Products */ = {
			isa = PBXGroup;
			children = (
				D3DE183D1CADB223009BF9BF /* Game23.app */,
				D3DE18541CADB223009BF9BF /* Game23Tests.xctest */,
				D3DE185F1CADB223009BF9BF /* Game23UITests.xctest */,
			);
			name = Products;
			sourceTree = "<group>";
		};
		D3DE183F1CADB223009BF9BF /* Game23 */ = {
			isa = PBXGroup;
			children = (
				D3DE18401CADB223009BF9BF /* AppDelegate.swift */,
				D3DE18421CADB223009BF9BF /* ViewController.swift */,
				D3DE18441CADB223009BF9BF /* Main.storyboard */,
				D3DE184A1CADB223009BF9BF /* Assets.xcassets */,
				D3DE184C1CADB223009BF9BF /* LaunchScreen.storyboard */,
				D3DE184F1CADB223009BF9BF /* Info.plist */,
				D3DE18471CADB223009BF9BF /* Game23.xcdatamodeld */,
			);
			path = Game23;
			sourceTree = "<group>";
		};
		D3DE18571CADB223009BF9BF /* Game23Tests */ = {
			isa = PBXGroup;
			children = (
				D3DE18581CADB223009BF9BF /* Game23Tests.swift */,
				D3DE185A1CADB223009BF9BF /* Info.plist */,
			);
			path = Game23Tests;
			sourceTree = "<group>";
		};
		D3DE18621CADB223009BF9BF /* Game23UITests */ = {
			isa = PBXGroup;
			children = (
				D3DE18631CADB223009BF9BF /* Game23UITests.swift */,
				D3DE18651CADB223009BF9BF /* Info.plist */,
			);
			path = Game23UITests;
			sourceTree = "<group>";
		};
/* End PBXGroup section */

/* Begin PBXNativeTarget section */
		D3DE183C1CADB223009BF9BF /* Game23 */ = {
			isa = PBXNativeTarget;
			buildConfigurationList = D3DE18681CADB223009BF9BF /* Build configuration list for PBXNativeTarget "Game23" */;
			buildPhases = (
				D3DE18391CADB223009BF9BF /* Sources */,
				D3DE183A1CADB223009BF9BF /* Frameworks */,
				D3DE183B1CADB223009BF9BF /* Resources */,
			);
			buildRules = (
			);
			dependencies = (
			);
			name = Game23;
			productName = Game23;
			productReference = D3DE183D1CADB223009BF9BF /* Game23.app */;
			productType = "com.apple.product-type.application";
		};
		D3DE18531CADB223009BF9BF /* Game23Tests */ = {
			isa = PBXNativeTarget;
			buildConfigurationList = D3DE186B1CADB223009BF9BF /* Build configuration list for PBXNativeTarget "Game23Tests" */;
			buildPhases = (
				D3DE18501CADB223009BF9BF /* Sources */,
				D3DE18511CADB223009BF9BF /* Frameworks */,
				D3DE18521CADB223009BF9BF /* Resources */,
			);
			buildRules = (
			);
			dependencies = (
				D3DE18561CADB223009BF9BF /* PBXTargetDependency */,
			);
			name = Game23Tests;
			productName = Game23Tests;
			productReference = D3DE18541CADB223009BF9BF /* Game23Tests.xctest */;
			productType = "com.apple.product-type.bundle.unit-test";
		};
		D3DE185E1CADB223009BF9BF /* Game23UITests */ = {
			isa = PBXNativeTarget;
			buildConfigurationList = D3DE186E1CADB223009BF9BF /* Build configuration list for PBXNativeTarget "Game23UITests" */;
			buildPhases = (
				D3DE185B1CADB223009BF9BF /* Sources */,
				D3DE185C1CADB223009BF9BF /* Frameworks */,
				D3DE185D1CADB223009BF9BF /* Resources */,
			);
			buildRules = (
			);
			dependencies = (
				D3DE18611CADB223009BF9BF /* PBXTargetDependency */,
			);
			name = Game23UITests;
			productName = Game23UITests;
			productReference = D3DE185F1CADB223009BF9BF /* Game23UITests.xctest */;
			productType = "com.apple.product-type.bundle.ui-testing";
		};
/* End PBXNativeTarget section */

/* Begin PBXProject section */
		D3DE18351CADB223009BF9BF /* Project object */ = {
			isa = PBXProject;
			attributes = {
				LastSwiftUpdateCheck = 0730;
				LastUpgradeCheck = 0730;
				ORGANIZATIONNAME = "Alberto Garcia Mendez";
				TargetAttributes = {
					D3DE183C1CADB223009BF9BF = {
						CreatedOnToolsVersion = 7.3;
						DevelopmentTeam = Z5KAM4C62W;
					};
					D3DE18531CADB223009BF9BF = {
						CreatedOnToolsVersion = 7.3;
						DevelopmentTeam = Z5KAM4C62W;
						TestTargetID = D3DE183C1CADB223009BF9BF;
					};
					D3DE185E1CADB223009BF9BF = {
						CreatedOnToolsVersion = 7.3;
						DevelopmentTeam = Z5KAM4C62W;
						TestTargetID = D3DE183C1CADB223009BF9BF;
					};
				};
			};
			buildConfigurationList = D3DE18381CADB223009BF9BF /* Build configuration list for PBXProject "Game23" */;
			compatibilityVersion = "Xcode 3.2";
			developmentRegion = English;
			hasScannedForEncodings = 0;
			knownRegions = (
				en,
				Base,
			);
			mainGroup = D3DE18341CADB223009BF9BF;
			productRefGroup = D3DE183E1CADB223009BF9BF /* Products */;
			projectDirPath = "";
			projectRoot = "";
			targets = (
				D3DE183C1CADB223009BF9BF /* Game23 */,
				D3DE18531CADB223009BF9BF /* Game23Tests */,
				D3DE185E1CADB223009BF9BF /* Game23UITests */,
			);
		};
/* End PBXProject section */

/* Begin PBXResourcesBuildPhase section */
		D3DE183B1CADB223009BF9BF /* Resources */ = {
			isa = PBXResourcesBuildPhase;
			buildActionMask = 2147483647;
			files = (
				D3DE184E1CADB223009BF9BF /* LaunchScreen.storyboard in Resources */,
				D3DE184B1CADB223009BF9BF /* Assets.xcassets in Resources */,
				D3DE18461CADB223009BF9BF /* Main.storyboard in Resources */,
			);
			runOnlyForDeploymentPostprocessing = 0;
		};
		D3DE18521CADB223009BF9BF /* Resources */ = {
			isa = PBXResourcesBuildPhase;
			buildActionMask = 2147483647;
			files = (
			);
			runOnlyForDeploymentPostprocessing = 0;
		};
		D3DE185D1CADB223009BF9BF /* Resources */ = {
			isa = PBXResourcesBuildPhase;
			buildActionMask = 2147483647;
			files = (
			);
			runOnlyForDeploymentPostprocessing = 0;
		};
/* End PBXResourcesBuildPhase section */

/* Begin PBXSourcesBuildPhase section */
		D3DE18391CADB223009BF9BF /* Sources */ = {
			isa = PBXSourcesBuildPhase;
			buildActionMask = 2147483647;
			files = (
				D3DE18431CADB223009BF9BF /* ViewController.swift in Sources */,
				D3DE18411CADB223009BF9BF /* AppDelegate.swift in Sources */,
				D3DE18491CADB223009BF9BF /* Game23.xcdatamodeld in Sources */,
			);
			runOnlyForDeploymentPostprocessing = 0;
		};
		D3DE18501CADB223009BF9BF /* Sources */ = {
			isa = PBXSourcesBuildPhase;
			buildActionMask = 2147483647;
			files = (
				D3DE18591CADB223009BF9BF /* Game23Tests.swift in Sources */,
			);
			runOnlyForDeploymentPostprocessing = 0;
		};
		D3DE185B1CADB223009BF9BF /* Sources */ = {
			isa = PBXSourcesBuildPhase;
			buildActionMask = 2147483647;
			files = (
				D3DE18641CADB223009BF9BF /* Game23UITests.swift in Sources */,
			);
			runOnlyForDeploymentPostprocessing = 0;
		};
/* End PBXSourcesBuildPhase section */

/* Begin PBXTargetDependency section */
		D3DE18561CADB223009BF9BF /* PBXTargetDependency */ = {
			isa = PBXTargetDependency;
			target = D3DE183C1CADB223009BF9BF /* Game23 */;
			targetProxy = D3DE18551CADB223009BF9BF /* PBXContainerItemProxy */;
		};
		D3DE18611CADB223009BF9BF /* PBXTargetDependency */ = {
			isa = PBXTargetDependency;
			target = D3DE183C1CADB223009BF9BF /* Game23 */;
			targetProxy = D3DE18601CADB223009BF9BF /* PBXContainerItemProxy */;
		};
/* End PBXTargetDependency section */

/* Begin PBXVariantGroup section */
		D3DE18441CADB223009BF9BF /* Main.storyboard */ = {
			isa = PBXVariantGroup;
			children = (
				D3DE18451CADB223009BF9BF /* Base */,
			);
			name = Main.storyboard;
			sourceTree = "<group>";
		};
		D3DE184C1CADB223009BF9BF /* LaunchScreen.storyboard */ = {
			isa = PBXVariantGroup;
			children = (
				D3DE184D1CADB223009BF9BF /* Base */,
			);
			name = LaunchScreen.storyboard;
			sourceTree = "<group>";
		};
/* End PBXVariantGroup section */

/* Begin XCBuildConfiguration section */
		D3DE18661CADB223009BF9BF /* Debug */ = {
			isa = XCBuildConfiguration;
			buildSettings = {
				ALWAYS_SEARCH_USER_PATHS = NO;
				CLANG_ANALYZER_NONNULL = YES;
				CLANG_CXX_LANGUAGE_STANDARD = "gnu++0x";
				CLANG_CXX_LIBRARY = "libc++";
				CLANG_ENABLE_MODULES = YES;
				CLANG_ENABLE_OBJC_ARC = YES;
				CLANG_WARN_BOOL_CONVERSION = YES;
				CLANG_WARN_CONSTANT_CONVERSION = YES;
				CLANG_WARN_DIRECT_OBJC_ISA_USAGE = YES_ERROR;
				CLANG_WARN_EMPTY_BODY = YES;
				CLANG_WARN_ENUM_CONVERSION = YES;
				CLANG_WARN_INT_CONVERSION = YES;
				CLANG_WARN_OBJC_ROOT_CLASS = YES_ERROR;
				CLANG_WARN_UNREACHABLE_CODE = YES;
				CLANG_WARN__DUPLICATE_METHOD_MATCH = YES;
				"CODE_SIGN_IDENTITY[sdk=iphoneos*]" = "iPhone Developer";
				COPY_PHASE_STRIP = NO;
				DEBUG_INFORMATION_FORMAT = dwarf;
				ENABLE_STRICT_OBJC_MSGSEND = YES;
				ENABLE_TESTABILITY = YES;
				GCC_C_LANGUAGE_STANDARD = gnu99;
				GCC_DYNAMIC_NO_PIC = NO;
				GCC_NO_COMMON_BLOCKS = YES;
				GCC_OPTIMIZATION_LEVEL = 0;
				GCC_PREPROCESSOR_DEFINITIONS = (
					"DEBUG=1",
					"$(inherited)",
				);
				GCC_WARN_64_TO_32_BIT_CONVERSION = YES;
				GCC_WARN_ABOUT_RETURN_TYPE = YES_ERROR;
				GCC_WARN_UNDECLARED_SELECTOR = YES;
				GCC_WARN_UNINITIALIZED_AUTOS = YES_AGGRESSIVE;
				GCC_WARN_UNUSED_FUNCTION = YES;
				GCC_WARN_UNUSED_VARIABLE = YES;
				IPHONEOS_DEPLOYMENT_TARGET = 9.3;
				MTL_ENABLE_DEBUG_INFO = YES;
				ONLY_ACTIVE_ARCH = YES;
				SDKROOT = iphoneos;
				SWIFT_OPTIMIZATION_LEVEL = "-Onone";
			};
			name = Debug;
		};
		D3DE18671CADB223009BF9BF /* Release */ = {
			isa = XCBuildConfiguration;
			buildSettings = {
				ALWAYS_SEARCH_USER_PATHS = NO;
				CLANG_ANALYZER_NONNULL = YES;
				CLANG_CXX_LANGUAGE_STANDARD = "gnu++0x";
				CLANG_CXX_LIBRARY = "libc++";
				CLANG_ENABLE_MODULES = YES;
				CLANG_ENABLE_OBJC_ARC = YES;
				CLANG_WARN_BOOL_CONVERSION = YES;
				CLANG_WARN_CONSTANT_CONVERSION = YES;
				CLANG_WARN_DIRECT_OBJC_ISA_USAGE = YES_ERROR;
				CLANG_WARN_EMPTY_BODY = YES;
				CLANG_WARN_ENUM_CONVERSION = YES;
				CLANG_WARN_INT_CONVERSION = YES;
				CLANG_WARN_OBJC_ROOT_CLASS = YES_ERROR;
				CLANG_WARN_UNREACHABLE_CODE = YES;
				CLANG_WARN__DUPLICATE_METHOD_MATCH = YES;
				"CODE_SIGN_IDENTITY[sdk=iphoneos*]" = "iPhone Developer";
				COPY_PHASE_STRIP = NO;
				DEBUG_INFORMATION_FORMAT = "dwarf-with-dsym";
				ENABLE_NS_ASSERTIONS = NO;
				ENABLE_STRICT_OBJC_MSGSEND = YES;
				GCC_C_LANGUAGE_STANDARD = gnu99;
				GCC_NO_COMMON_BLOCKS = YES;
				GCC_WARN_64_TO_32_BIT_CONVERSION = YES;
				GCC_WARN_ABOUT_RETURN_TYPE = YES_ERROR;
				GCC_WARN_UNDECLARED_SELECTOR = YES;
				GCC_WARN_UNINITIALIZED_AUTOS = YES_AGGRESSIVE;
				GCC_WARN_UNUSED_FUNCTION = YES;
				GCC_WARN_UNUSED_VARIABLE = YES;
				IPHONEOS_DEPLOYMENT_TARGET = 9.3;
				MTL_ENABLE_DEBUG_INFO = NO;
				SDKROOT = iphoneos;
				VALIDATE_PRODUCT = YES;
			};
			name = Release;
		};
		D3DE18691CADB223009BF9BF /* Debug */ = {
			isa = XCBuildConfiguration;
			buildSettings = {
				ASSETCATALOG_COMPILER_APPICON_NAME = AppIcon;
				INFOPLIST_FILE = Game23/Info.plist;
				LD_RUNPATH_SEARCH_PATHS = "$(inherited) @executable_path/Frameworks";
				PRODUCT_BUNDLE_IDENTIFIER = AGM.Game23;
				PRODUCT_NAME = "$(TARGET_NAME)";
			};
			name = Debug;
		};
		D3DE186A1CADB223009BF9BF /* Release */ = {
			isa = XCBuildConfiguration;
			buildSettings = {
				ASSETCATALOG_COMPILER_APPICON_NAME = AppIcon;
				INFOPLIST_FILE = Game23/Info.plist;
				LD_RUNPATH_SEARCH_PATHS = "$(inherited) @executable_path/Frameworks";
				PRODUCT_BUNDLE_IDENTIFIER = AGM.Game23;
				PRODUCT_NAME = "$(TARGET_NAME)";
			};
			name = Release;
		};
		D3DE186C1CADB223009BF9BF /* Debug */ = {
			isa = XCBuildConfiguration;
			buildSettings = {
				BUNDLE_LOADER = "$(TEST_HOST)";
				INFOPLIST_FILE = Game23Tests/Info.plist;
				LD_RUNPATH_SEARCH_PATHS = "$(inherited) @executable_path/Frameworks @loader_path/Frameworks";
				PRODUCT_BUNDLE_IDENTIFIER = AGM.Game23Tests;
				PRODUCT_NAME = "$(TARGET_NAME)";
				TEST_HOST = "$(BUILT_PRODUCTS_DIR)/Game23.app/Game23";
			};
			name = Debug;
		};
		D3DE186D1CADB223009BF9BF /* Release */ = {
			isa = XCBuildConfiguration;
			buildSettings = {
				BUNDLE_LOADER = "$(TEST_HOST)";
				INFOPLIST_FILE = Game23Tests/Info.plist;
				LD_RUNPATH_SEARCH_PATHS = "$(inherited) @executable_path/Frameworks @loader_path/Frameworks";
				PRODUCT_BUNDLE_IDENTIFIER = AGM.Game23Tests;
				PRODUCT_NAME = "$(TARGET_NAME)";
				TEST_HOST = "$(BUILT_PRODUCTS_DIR)/Game23.app/Game23";
			};
			name = Release;
		};
		D3DE186F1CADB223009BF9BF /* Debug */ = {
			isa = XCBuildConfiguration;
			buildSettings = {
				INFOPLIST_FILE = Game23UITests/Info.plist;
				LD_RUNPATH_SEARCH_PATHS = "$(inherited) @executable_path/Frameworks @loader_path/Frameworks";
				PRODUCT_BUNDLE_IDENTIFIER = AGM.Game23UITests;
				PRODUCT_NAME = "$(TARGET_NAME)";
				TEST_TARGET_NAME = Game23;
			};
			name = Debug;
		};
		D3DE18701CADB223009BF9BF /* Release */ = {
			isa = XCBuildConfiguration;
			buildSettings = {
				INFOPLIST_FILE = Game23UITests/Info.plist;
				LD_RUNPATH_SEARCH_PATHS = "$(inherited) @executable_path/Frameworks @loader_path/Frameworks";
				PRODUCT_BUNDLE_IDENTIFIER = AGM.Game23UITests;
				PRODUCT_NAME = "$(TARGET_NAME)";
				TEST_TARGET_NAME = Game23;
			};
			name = Release;
		};
/* End XCBuildConfiguration section */

/* Begin XCConfigurationList section */
		D3DE18381CADB223009BF9BF /* Build configuration list for PBXProject "Game23" */ = {
			isa = XCConfigurationList;
			buildConfigurations = (
				D3DE18661CADB223009BF9BF /* Debug */,
				D3DE18671CADB223009BF9BF /* Release */,
			);
			defaultConfigurationIsVisible = 0;
			defaultConfigurationName = Release;
		};
		D3DE18681CADB223009BF9BF /* Build configuration list for PBXNativeTarget "Game23" */ = {
			isa = XCConfigurationList;
			buildConfigurations = (
				D3DE18691CADB223009BF9BF /* Debug */,
				D3DE186A1CADB223009BF9BF /* Release */,
			);
			defaultConfigurationIsVisible = 0;
		};
		D3DE186B1CADB223009BF9BF /* Build configuration list for PBXNativeTarget "Game23Tests" */ = {
			isa = XCConfigurationList;
			buildConfigurations = (
				D3DE186C1CADB223009BF9BF /* Debug */,
				D3DE186D1CADB223009BF9BF /* Release */,
			);
			defaultConfigurationIsVisible = 0;
		};
		D3DE186E1CADB223009BF9BF /* Build configuration list for PBXNativeTarget "Game23UITests" */ = {
			isa = XCConfigurationList;
			buildConfigurations = (
				D3DE186F1CADB223009BF9BF /* Debug */,
				D3DE18701CADB223009BF9BF /* Release */,
			);
			defaultConfigurationIsVisible = 0;
		};
/* End XCConfigurationList section */

/* Begin XCVersionGroup section */
		D3DE18471CADB223009BF9BF /* Game23.xcdatamodeld */ = {
			isa = XCVersionGroup;
			children = (
				D3DE18481CADB223009BF9BF /* Game23.xcdatamodel */,
			);
			currentVersion = D3DE18481CADB223009BF9BF /* Game23.xcdatamodel */;
			path = Game23.xcdatamodeld;
			sourceTree = "<group>";
			versionGroupType = wrapper.xcdatamodel;
		};
/* End XCVersionGroup section */
	};
	rootObject = D3DE18351CADB223009BF9BF /* Project object */;
}
